<?xml version="1.0" encoding="utf-8"?>
<Project ToolsVersion="4.0" xmlns="http://schemas.microsoft.com/developer/msbuild/2003">
  <ItemGroup>
    <Filter Include="Math">
      <UniqueIdentifier>{1ad76477-26c5-496f-9c85-a156e79dd0de}</UniqueIdentifier>
    </Filter>
    <Filter Include="Math\lin">
      <UniqueIdentifier>{84780202-6f8d-46ed-b551-d6425ecc6498}</UniqueIdentifier>
    </Filter>
    <Filter Include="Math\fast">
      <UniqueIdentifier>{27273a25-9542-488c-8c99-3f12f870794e}</UniqueIdentifier>
    </Filter>
  </ItemGroup>
  <ItemGroup>
    <ClInclude Include="..\..\Common\Math\CrossSIMD.h">
      <Filter>Math</Filter>
    </ClInclude>
    <ClInclude Include="..\..\Common\Math\curves.h">
      <Filter>Math</Filter>
    </ClInclude>
    <ClInclude Include="..\..\Common\Math\expression_parser.h">
      <Filter>Math</Filter>
    </ClInclude>
    <ClInclude Include="..\..\Common\Math\geom2d.h">
      <Filter>Math</Filter>
    </ClInclude>
    <ClInclude Include="..\..\Common\Math\math_util.h">
      <Filter>Math</Filter>
    </ClInclude>
    <ClInclude Include="..\..\Common\Math\Statistics.h">
      <Filter>Math</Filter>
    </ClInclude>
    <ClInclude Include="..\..\Common\Math\lin\matrix4x4.h">
      <Filter>Math\lin</Filter>
    </ClInclude>
    <ClInclude Include="..\..\Common\Math\lin\vec3.h">
      <Filter>Math\lin</Filter>
    </ClInclude>
    <ClInclude Include="..\..\Common\Math\fast\fast_matrix.h">
      <Filter>Math\fast</Filter>
    </ClInclude>
  </ItemGroup>
  <ItemGroup>
    <ClCompile Include="..\..\Common\Math\curves.cpp">
      <Filter>Math</Filter>
    </ClCompile>
    <ClCompile Include="..\..\Common\Math\expression_parser.cpp">
      <Filter>Math</Filter>
    </ClCompile>
    <ClCompile Include="..\..\Common\Math\math_util.cpp">
      <Filter>Math</Filter>
    </ClCompile>
    <ClCompile Include="..\..\Common\Math\Statistics.cpp">
      <Filter>Math</Filter>
    </ClCompile>
    <ClCompile Include="..\..\Common\Math\lin\matrix4x4.cpp">
      <Filter>Math\lin</Filter>
    </ClCompile>
    <ClCompile Include="..\..\Common\Math\lin\vec3.cpp">
      <Filter>Math\lin</Filter>
    </ClCompile>
    <ClCompile Include="..\..\Common\Math\fast\fast_matrix.c">
      <Filter>Math\fast</Filter>
    </ClCompile>
  </ItemGroup>
</Project>